
Microsoft Visual Studio Solution File, Format Version 12.00
# Visual Studio Version 16
VisualStudioVersion = 16.0.29411.108
MinimumVisualStudioVersion = 10.0.40219.1
Project("{FAE04EC0-301F-11D3-BF4B-00C04F79EFBC}") = "SUREBusiness", "SUREBusiness\SUREBusiness.csproj", "{B99698C9-B36A-4044-BA8C-DA8E4DF7AFAC}"
EndProject
Global
	GlobalSection(SolutionConfigurationPlatforms) = preSolution
		Debug|Any CPU = Debug|Any CPU
		Release|Any CPU = Release|Any CPU
	EndGlobalSection
	GlobalSection(ProjectConfigurationPlatforms) = postSolution
		{B99698C9-B36A-4044-BA8C-DA8E4DF7AFAC}.Debug|Any CPU.ActiveCfg = Debug|Any CPU
		{B99698C9-B36A-4044-BA8C-DA8E4DF7AFAC}.Debug|Any CPU.Build.0 = Debug|Any CPU
		{B99698C9-B36A-4044-BA8C-DA8E4DF7AFAC}.Release|Any CPU.ActiveCfg = Release|Any CPU
		{B99698C9-B36A-4044-BA8C-DA8E4DF7AFAC}.Release|Any CPU.Build.0 = Release|Any CPU
	EndGlobalSection
	GlobalSection(SolutionProperties) = preSolution
		HideSolutionNode = FALSE
	EndGlobalSection
	GlobalSection(ExtensibilityGlobals) = postSolution
		SolutionGuid = {B17D1A00-A01F-453C-B067-CDAAA52FD816}
	EndGlobalSection
EndGlobal
